
Microsoft Visual Studio Solution File, Format Version 12.00
# Visual Studio Version 17
VisualStudioVersion = 17.14.36811.4
MinimumVisualStudioVersion = 10.0.40219.1
Project("{FAE04EC0-301F-11D3-BF4B-00C04F79EFBC}") = "SecsPureSocket", "SecsPureSocket\SecsPureSocket.csproj", "{550489CB-FAA2-4A67-B74B-45531F63A6BA}"
EndProject
Global
	GlobalSection(SolutionConfigurationPlatforms) = preSolution
		Debug|Any CPU = Debug|Any CPU
		Release|Any CPU = Release|Any CPU
	EndGlobalSection
	GlobalSection(ProjectConfigurationPlatforms) = postSolution
		{550489CB-FAA2-4A67-B74B-45531F63A6BA}.Debug|Any CPU.ActiveCfg = Debug|Any CPU
		{550489CB-FAA2-4A67-B74B-45531F63A6BA}.Debug|Any CPU.Build.0 = Debug|Any CPU
		{550489CB-FAA2-4A67-B74B-45531F63A6BA}.Release|Any CPU.ActiveCfg = Release|Any CPU
		{550489CB-FAA2-4A67-B74B-45531F63A6BA}.Release|Any CPU.Build.0 = Release|Any CPU
	EndGlobalSection
	GlobalSection(SolutionProperties) = preSolution
		HideSolutionNode = FALSE
	EndGlobalSection
	GlobalSection(ExtensibilityGlobals) = postSolution
		SolutionGuid = {38A60404-233C-46DE-841E-4DF44C58A944}
	EndGlobalSection
EndGlobal
